PODS:
  - Google-Mobile-Ads-SDK (11.3.0):
    - GoogleUserMessagingPlatform (>= 1.1)
  - GoogleMobileAdsMediationVungle (7.3.1.0):
    - Google-Mobile-Ads-SDK (~> 11.0)
    - VungleAds (= 7.3.1)
  - GoogleUserMessagingPlatform (2.4.0)
  - VungleAds (7.3.1)

DEPENDENCIES:
  - Google-Mobile-Ads-SDK
  - GoogleMobileAdsMediationVungle

SPEC REPOS:
  trunk:
    - Google-Mobile-Ads-SDK
    - GoogleMobileAdsMediationVungle
    - GoogleUserMessagingPlatform
    - VungleAds

SPEC CHECKSUMS:
  Google-Mobile-Ads-SDK: 301a16c461c331ba34ff4dab40a22ab7c147af61
  GoogleMobileAdsMediationVungle: bd2d25d360107ef2cf3832c8bb55d2372411992e
  GoogleUserMessagingPlatform: f131fa7978d2ba88d7426702b057c2cc318e6595
  VungleAds: 04a17ab51fb61f41cd6d666fd0024509005740fe

PODFILE CHECKSUM: 84e98add73a8a9aee57e217fd93dc6db3ff162b4

COCOAPODS: 1.14.3
